
Microsoft Visual Studio Solution File, Format Version 12.00
# Visual Studio 2012
Project("{FAE04EC0-301F-11D3-BF4B-00C04F79EFBC}") = "User.API", "User.API\User.API.csproj", "{468D13BE-3748-4960-84E1-202F45762606}"
EndProject
Global
	GlobalSection(SolutionConfigurationPlatforms) = preSolution
		Debug|Any CPU = Debug|Any CPU
		Release|Any CPU = Release|Any CPU
	EndGlobalSection
	GlobalSection(ProjectConfigurationPlatforms) = postSolution
		{468D13BE-3748-4960-84E1-202F45762606}.Debug|Any CPU.ActiveCfg = Debug|Any CPU
		{468D13BE-3748-4960-84E1-202F45762606}.Debug|Any CPU.Build.0 = Debug|Any CPU
		{468D13BE-3748-4960-84E1-202F45762606}.Release|Any CPU.ActiveCfg = Release|Any CPU
		{468D13BE-3748-4960-84E1-202F45762606}.Release|Any CPU.Build.0 = Release|Any CPU
	EndGlobalSection
EndGlobal
